memo = "f0df83c277475f663b28aea8f6838beadaf436c6ea4566a94c7f81f09fe8f98e"

[[projects]]
  name = "github.com/PuerkitoBio/purell"
  packages = ["."]
  revision = "0bcb03f4b4d0a9428594752bd2a3b9aa0a9d4bd4"
  version = "v1.1.0"

[[projects]]
  branch = "master"
  name = "github.com/PuerkitoBio/urlesc"
  packages = ["."]
  revision = "bbf7a2afc14f93e1e0a5c06df524fbd75e5031e5"

[[projects]]
  name = "github.com/davecgh/go-spew"
  packages = ["spew"]
  revision = "346938d642f2ec3594ed81d874461961cd0faa76"
  version = "v1.1.0"

[[projects]]
  name = "github.com/dgrijalva/jwt-go"
  packages = ["."]
  revision = "d2709f9f1f31ebcda9651b03077758c1f3a0018c"
  version = "v3.0.0"

[[projects]]
  name = "github.com/docker/distribution"
  packages = ["digest","reference"]
  revision = "a25b9ef0c9fe242ac04bb20d3a028442b7d266b6"
  version = "v2.6.1"

[[projects]]
  name = "github.com/emicklei/go-restful"
  packages = [".","log","swagger"]
  revision = "777bb3f19bcafe2575ffb2a3e46af92509ae9594"
  version = "v1.2"

[[projects]]
  branch = "master"
  name = "github.com/exponent-io/jsonpath"
  packages = ["."]
  revision = "d6023ce2651d8eafb5c75bb0c7167536102ec9f5"

[[projects]]
  name = "github.com/ghodss/yaml"
  packages = ["."]
  revision = "0ca9ea5df5451ffdf184b4428c902747c2c11cd7"
  version = "v1.0.0"

[[projects]]
  branch = "master"
  name = "github.com/go-openapi/jsonpointer"
  packages = ["."]
  revision = "779f45308c19820f1a69e9a4cd965f496e0da10f"

[[projects]]
  branch = "master"
  name = "github.com/go-openapi/jsonreference"
  packages = ["."]
  revision = "36d33bfe519efae5632669801b180bf1a245da3b"

[[projects]]
  branch = "master"
  name = "github.com/go-openapi/spec"
  packages = ["."]
  revision = "e51c28f07047ad90caff03f6450908720d337e0c"

[[projects]]
  branch = "master"
  name = "github.com/go-openapi/swag"
  packages = ["."]
  revision = "24ebf76d720bab64f62824d76bced3184a65490d"

[[projects]]
  name = "github.com/gogo/protobuf"
  packages = ["proto","sortkeys"]
  revision = "100ba4e885062801d56799d78530b73b178a78f3"
  version = "v0.4"

[[projects]]
  branch = "master"
  name = "github.com/golang/glog"
  packages = ["."]
  revision = "23def4e6c14b4da8ac2ed8007337bc5eb5007998"

[[projects]]
  branch = "master"
  name = "github.com/golang/groupcache"
  packages = ["lru"]
  revision = "b710c8433bd175204919eb38776e944233235d03"

[[projects]]
  branch = "master"
  name = "github.com/google/gofuzz"
  packages = ["."]
  revision = "44d81051d367757e1c7c6a5a86423ece9afcf63c"

[[projects]]
  branch = "master"
  name = "github.com/howeyc/gopass"
  packages = ["."]
  revision = "bf9dde6d0d2c004a008c27aaee91170c786f6db8"

[[projects]]
  name = "github.com/imdario/mergo"
  packages = ["."]
  revision = "3e95a51e0639b4cf372f2ccf74c86749d747fbdc"
  version = "0.2.2"

[[projects]]
  branch = "master"
  name = "github.com/juju/ratelimit"
  packages = ["."]
  revision = "acf38b000a03e4ab89e40f20f1e548f4e6ac7f72"

[[projects]]
  branch = "master"
  name = "github.com/mailru/easyjson"
  packages = ["buffer","jlexer","jwriter"]
  revision = "dffba8d13bbd998df17d8557570cdea0624b9d1d"

[[projects]]
  branch = "master"
  name = "github.com/spf13/pflag"
  packages = ["."]
  revision = "e57e3eeb33f795204c1ca35f56c44f83227c6e66"

[[projects]]
  branch = "master"
  name = "github.com/ugorji/go"
  packages = ["codec"]
  revision = "708a42d246822952f38190a8d8c4e6b16a0e600c"

[[projects]]
  branch = "master"
  name = "github.com/zoumo/logdog"
  packages = [".","pkg/pythonic","pkg/when"]
  revision = "e6d405c08f7c230cf5bb845e3b0686059a633477"

[[projects]]
  branch = "master"
  name = "github.com/zoumo/register"
  packages = ["."]
  revision = "957f53b63c204d6dd2bcf3787ff37047d4232f71"

[[projects]]
  branch = "master"
  name = "golang.org/x/crypto"
  packages = ["ssh/terminal"]
  revision = "0fe963104e9d1877082f8fb38f816fcd97eb1d10"

[[projects]]
  branch = "master"
  name = "golang.org/x/net"
  packages = ["http2","http2/hpack","idna","lex/httplex"]
  revision = "34057069f4ab13dc4433c68d368737ebeafcccdc"

[[projects]]
  branch = "master"
  name = "golang.org/x/sys"
  packages = ["unix"]
  revision = "98b5b1e7e80eb60271c8dc4eba6521ec2c3e811e"

[[projects]]
  branch = "master"
  name = "golang.org/x/text"
  packages = ["internal/gen","internal/triegen","internal/ucd","secure/bidirule","transform","unicode/bidi","unicode/cldr","unicode/norm","unicode/rangetable","width"]
  revision = "19e51611da83d6be54ddafce4a4af510cb3e9ea4"

[[projects]]
  name = "gopkg.in/inf.v0"
  packages = ["."]
  revision = "3887ee99ecf07df5b447e9b00d9c0b2adaa9f3e4"
  version = "v0.9.0"

[[projects]]
  name = "gopkg.in/urfave/cli.v1"
  packages = ["."]
  revision = "0bdeddeeb0f650497d603c4ad7b20cfe685682f6"
  version = "v1.19.1"

[[projects]]
  branch = "v2"
  name = "gopkg.in/yaml.v2"
  packages = ["."]
  revision = "cd8b52f8269e0feb286dfeef29f8fe4d5b397e0b"

[[projects]]
  name = "k8s.io/apimachinery"
  packages = ["pkg/api/equality","pkg/api/errors","pkg/api/meta","pkg/api/resource","pkg/api/validation","pkg/apimachinery","pkg/apimachinery/announced","pkg/apimachinery/registered","pkg/apis/meta/v1","pkg/apis/meta/v1/unstructured","pkg/apis/meta/v1/validation","pkg/conversion","pkg/conversion/queryparams","pkg/fields","pkg/labels","pkg/openapi","pkg/runtime","pkg/runtime/schema","pkg/runtime/serializer","pkg/runtime/serializer/json","pkg/runtime/serializer/protobuf","pkg/runtime/serializer/recognizer","pkg/runtime/serializer/streaming","pkg/runtime/serializer/versioning","pkg/selection","pkg/types","pkg/util/diff","pkg/util/errors","pkg/util/framer","pkg/util/intstr","pkg/util/json","pkg/util/mergepatch","pkg/util/net","pkg/util/rand","pkg/util/runtime","pkg/util/sets","pkg/util/strategicpatch","pkg/util/validation","pkg/util/validation/field","pkg/util/wait","pkg/util/yaml","pkg/version","pkg/watch","third_party/forked/golang/json","third_party/forked/golang/reflect"]
  revision = "75b8dd260ef0469d96d578705a87cffd0e09dab8"

[[projects]]
  branch = "master"
  name = "k8s.io/apiserver"
  packages = ["pkg/authentication/authenticator","pkg/authentication/serviceaccount","pkg/authentication/user","pkg/features","pkg/util/feature"]
  revision = "c809cf8581e1e44c6174bf5ab4415e6ee39965ca"

[[projects]]
  name = "k8s.io/client-go"
  packages = ["discovery","informers","informers/apps","informers/apps/v1beta1","informers/autoscaling","informers/autoscaling/v1","informers/autoscaling/v2alpha1","informers/batch","informers/batch/v1","informers/batch/v2alpha1","informers/certificates","informers/certificates/v1beta1","informers/core","informers/core/v1","informers/extensions","informers/extensions/v1beta1","informers/internalinterfaces","informers/policy","informers/policy/v1beta1","informers/rbac","informers/rbac/v1alpha1","informers/rbac/v1beta1","informers/settings","informers/settings/v1alpha1","informers/storage","informers/storage/v1","informers/storage/v1beta1","kubernetes","kubernetes/scheme","kubernetes/typed/apps/v1beta1","kubernetes/typed/authentication/v1","kubernetes/typed/authentication/v1beta1","kubernetes/typed/authorization/v1","kubernetes/typed/authorization/v1beta1","kubernetes/typed/autoscaling/v1","kubernetes/typed/autoscaling/v2alpha1","kubernetes/typed/batch/v1","kubernetes/typed/batch/v2alpha1","kubernetes/typed/certificates/v1beta1","kubernetes/typed/core/v1","kubernetes/typed/extensions/v1beta1","kubernetes/typed/policy/v1beta1","kubernetes/typed/rbac/v1alpha1","kubernetes/typed/rbac/v1beta1","kubernetes/typed/settings/v1alpha1","kubernetes/typed/storage/v1","kubernetes/typed/storage/v1beta1","listers/apps/v1beta1","listers/autoscaling/v1","listers/autoscaling/v2alpha1","listers/batch/v1","listers/batch/v2alpha1","listers/certificates/v1beta1","listers/core/v1","listers/extensions/v1beta1","listers/policy/v1beta1","listers/rbac/v1alpha1","listers/rbac/v1beta1","listers/settings/v1alpha1","listers/storage/v1","listers/storage/v1beta1","pkg/api","pkg/api/install","pkg/api/v1","pkg/apis/apps","pkg/apis/apps/install","pkg/apis/apps/v1beta1","pkg/apis/authentication","pkg/apis/authentication/install","pkg/apis/authentication/v1","pkg/apis/authentication/v1beta1","pkg/apis/authorization","pkg/apis/authorization/install","pkg/apis/authorization/v1","pkg/apis/authorization/v1beta1","pkg/apis/autoscaling","pkg/apis/autoscaling/install","pkg/apis/autoscaling/v1","pkg/apis/autoscaling/v2alpha1","pkg/apis/batch","pkg/apis/batch/install","pkg/apis/batch/v1","pkg/apis/batch/v2alpha1","pkg/apis/certificates","pkg/apis/certificates/install","pkg/apis/certificates/v1beta1","pkg/apis/extensions","pkg/apis/extensions/install","pkg/apis/extensions/v1beta1","pkg/apis/policy","pkg/apis/policy/install","pkg/apis/policy/v1beta1","pkg/apis/rbac","pkg/apis/rbac/install","pkg/apis/rbac/v1alpha1","pkg/apis/rbac/v1beta1","pkg/apis/settings","pkg/apis/settings/install","pkg/apis/settings/v1alpha1","pkg/apis/storage","pkg/apis/storage/install","pkg/apis/storage/v1","pkg/apis/storage/v1beta1","pkg/util","pkg/util/parsers","pkg/version","rest","rest/watch","tools/auth","tools/cache","tools/clientcmd","tools/clientcmd/api","tools/clientcmd/api/latest","tools/clientcmd/api/v1","tools/metrics","tools/record","transport","util/cert","util/clock","util/flowcontrol","util/homedir","util/integer","util/workqueue"]
  revision = "3627aeb7d4f6ade38f995d2c923e459146493c7e"
  version = "v3.0.0-beta.0"

[[projects]]
  name = "k8s.io/kubernetes"
  packages = ["pkg/api","pkg/api/install","pkg/api/pod","pkg/api/service","pkg/api/util","pkg/api/v1","pkg/api/validation","pkg/apis/apps","pkg/apis/apps/install","pkg/apis/apps/v1beta1","pkg/apis/authentication","pkg/apis/authentication/install","pkg/apis/authentication/v1","pkg/apis/authentication/v1beta1","pkg/apis/authorization","pkg/apis/authorization/install","pkg/apis/authorization/v1","pkg/apis/authorization/v1beta1","pkg/apis/autoscaling","pkg/apis/autoscaling/install","pkg/apis/autoscaling/v1","pkg/apis/autoscaling/v2alpha1","pkg/apis/batch","pkg/apis/batch/install","pkg/apis/batch/v1","pkg/apis/batch/v2alpha1","pkg/apis/certificates","pkg/apis/certificates/install","pkg/apis/certificates/v1beta1","pkg/apis/extensions","pkg/apis/extensions/install","pkg/apis/extensions/v1beta1","pkg/apis/policy","pkg/apis/policy/install","pkg/apis/policy/v1beta1","pkg/apis/rbac","pkg/apis/rbac/install","pkg/apis/rbac/v1alpha1","pkg/apis/rbac/v1beta1","pkg/apis/settings","pkg/apis/settings/install","pkg/apis/settings/v1alpha1","pkg/apis/storage","pkg/apis/storage/install","pkg/apis/storage/v1","pkg/apis/storage/v1beta1","pkg/capabilities","pkg/client/clientset_generated/clientset","pkg/client/clientset_generated/clientset/scheme","pkg/client/clientset_generated/clientset/typed/apps/v1beta1","pkg/client/clientset_generated/clientset/typed/authentication/v1","pkg/client/clientset_generated/clientset/typed/authentication/v1beta1","pkg/client/clientset_generated/clientset/typed/authorization/v1","pkg/client/clientset_generated/clientset/typed/authorization/v1beta1","pkg/client/clientset_generated/clientset/typed/autoscaling/v1","pkg/client/clientset_generated/clientset/typed/autoscaling/v2alpha1","pkg/client/clientset_generated/clientset/typed/batch/v1","pkg/client/clientset_generated/clientset/typed/batch/v2alpha1","pkg/client/clientset_generated/clientset/typed/certificates/v1beta1","pkg/client/clientset_generated/clientset/typed/core/v1","pkg/client/clientset_generated/clientset/typed/extensions/v1beta1","pkg/client/clientset_generated/clientset/typed/policy/v1beta1","pkg/client/clientset_generated/clientset/typed/rbac/v1alpha1","pkg/client/clientset_generated/clientset/typed/rbac/v1beta1","pkg/client/clientset_generated/clientset/typed/settings/v1alpha1","pkg/client/clientset_generated/clientset/typed/storage/v1","pkg/client/clientset_generated/clientset/typed/storage/v1beta1","pkg/client/retry","pkg/controller","pkg/features","pkg/security/apparmor","pkg/serviceaccount","pkg/util","pkg/util/hash","pkg/util/net/sets","pkg/util/parsers"]
  revision = "d6f433224538d4f9ca2f7ae19b252e6fcb66a3ae"
  version = "v1.6.4"
